
Microsoft Visual Studio Solution File, Format Version 12.00
# Visual Studio 2012
Project("{8BC9CEB8-8B4A-11D0-8D11-00A0C91BC942}") = "MyDocSystem", "MyDocSystem\MyDocSystem.vcxproj", "{C78EB2F3-7C0C-40B8-AC98-EDC0DA78B26F}"
EndProject
Global
	GlobalSection(SolutionConfigurationPlatforms) = preSolution
		Debug|Win32 = Debug|Win32
		Release|Win32 = Release|Win32
	EndGlobalSection
	GlobalSection(ProjectConfigurationPlatforms) = postSolution
		{C78EB2F3-7C0C-40B8-AC98-EDC0DA78B26F}.Debug|Win32.ActiveCfg = Debug|Win32
		{C78EB2F3-7C0C-40B8-AC98-EDC0DA78B26F}.Debug|Win32.Build.0 = Debug|Win32
		{C78EB2F3-7C0C-40B8-AC98-EDC0DA78B26F}.Release|Win32.ActiveCfg = Release|Win32
		{C78EB2F3-7C0C-40B8-AC98-EDC0DA78B26F}.Release|Win32.Build.0 = Release|Win32
	EndGlobalSection
	GlobalSection(SolutionProperties) = preSolution
		HideSolutionNode = FALSE
	EndGlobalSection
EndGlobal
